github.com/bpfsnoop/gapstone v0.0.0-20260226134052-b57d31fae271 h1:b902uMahnLp0mR2k047oGJ4jXISgPmHaKy8/SnykUKM=
github.com/bpfsnoop/gapstone v0.0.0-20260226134052-b57d31fae271/go.mod h1:z8pjvjRs6upeW3rOvXbyAua+ngoozVZg6HwTdRsALoM=
github.com/knightsc/gapstone v4.0.1+incompatible h1:yROPRgpqBWgD/7fyH3+AJ2hQR4gYfKNFGnKcNY8HPIA=
github.com/knightsc/gapstone v4.0.1+incompatible/go.mod h1:N9Q82fxOi8Fp9pHE2eflNZf5/FSg1815WZFhV8Gc2PE=
